# This file is automatically @generated by Poetry 1.7.0 and should not be changed by hand.

[[package]]
name = "av"
version = "11.0.0"
description = "Pythonic bindings for FFmpeg's libraries."
optional = false
python-versions = ">=3.8"
files = [
    {file = "av-11.0.0-cp310-cp310-macosx_10_9_x86_64.whl", hash = "sha256:a01f13b37eb6d181e03bbbbda29093fe2d68f10755795188220acdc89560ec27"},
    {file = "av-11.0.0-cp310-cp310-macosx_11_0_arm64.whl", hash = "sha256:b2236faee1b5d71dff3cdef81ef6eec22cc8b71dbfb45eb037e6437fe80f24e7"},
    {file = "av-11.0.0-cp310-cp310-manylinux_2_17_aarch64.manylinux2014_aarch64.whl", hash = "sha256:40543a08e5c84aecd2bc84da5d43548743201897f0ba21bf5ae3a4dcddefca2b"},
    {file = "av-11.0.0-cp310-cp310-manylinux_2_17_i686.manylinux2014_i686.whl", hash = "sha256:2907376884d956376aaf3bc1905fa4e0dcb9ba4e0d183e519392a19d89317d1b"},
    {file = "av-11.0.0-cp310-cp310-manylinux_2_17_x86_64.manylinux2014_x86_64.whl", hash = "sha256:e8d5581dcdc81cd601e3ce036809f14da82c46ff187bcefe981ec819390e0ab0"},
    {file = "av-11.0.0-cp310-cp310-win_amd64.whl", hash = "sha256:150490f2a62cfa470f3cb60f3a0060ff93afd807e2b7b3b0eeeb5a992eb8d67b"},
    {file = "av-11.0.0-cp311-cp311-macosx_10_9_x86_64.whl", hash = "sha256:d9bac0de62f09e2cb4e2132b5a46a89bc31c898189aa285b484c17351d991afe"},
    {file = "av-11.0.0-cp311-cp311-macosx_11_0_arm64.whl", hash = "sha256:2122ff8bdace4ce50207920f37de472517921e2ca1f0503464f748fdb8e20506"},
    {file = "av-11.0.0-cp311-cp311-manylinux_2_17_aarch64.manylinux2014_aarch64.whl", hash = "sha256:527d840697fee6ad4cf47eba987eaf30cd76bd96b2d20eaa907e166b9b8065c8"},
    {file = "av-11.0.0-cp311-cp311-manylinux_2_17_i686.manylinux2014_i686.whl", hash = "sha256:abeaedddfca9101886eb6fc47318c5f5ece8480d330d73aacf6917d7421981a2"},
    {file = "av-11.0.0-cp311-cp311-manylinux_2_17_x86_64.manylinux2014_x86_64.whl", hash = "sha256:13790fbb889b955baf885fe3761e923e85537ef414173465ec293177cedb7b99"},
    {file = "av-11.0.0-cp311-cp311-win_amd64.whl", hash = "sha256:fc27e27f52480287f44226ad4ae3eb53346bf027959d0f00a9154530bd98b371"},
    {file = "av-11.0.0-cp312-cp312-macosx_10_9_x86_64.whl", hash = "sha256:892583e2c6b8c2500e5d24310f499caefcdaa2e48c8f7169ad41041aaaf4da11"},
    {file = "av-11.0.0-cp312-cp312-macosx_11_0_arm64.whl", hash = "sha256:6943679d70a9f4de974049e7ae2cf0b20afe0d7ddab650526c02a6cf9adcd08f"},
    {file = "av-11.0.0-cp312-cp312-manylinux_2_17_aarch64.manylinux2014_aarch64.whl", hash = "sha256:e6d73b038ccf1df5c16bc643eee5c694fb7732e09375e2f4903c1f4ce90dfb72"},
    {file = "av-11.0.0-cp312-cp312-manylinux_2_17_i686.manylinux2014_i686.whl", hash = "sha256:c83422db3333e97b9680700df5185139352fc3a568b14179da3bdcbeb2f0e91b"},
    {file = "av-11.0.0-cp312-cp312-manylinux_2_17_x86_64.manylinux2014_x86_64.whl", hash = "sha256:8413900f6a3639e0088c018a3a516a1656d4d16799e7aa759a16ddf3bd268e2b"},
    {file = "av-11.0.0-cp312-cp312-win_amd64.whl", hash = "sha256:908e49ee336223801d8f2f7dca5a1deb64e9d8256138b8e7a79013b682a6ebb5"},
    {file = "av-11.0.0-cp38-cp38-macosx_10_9_x86_64.whl", hash = "sha256:82411ae4a562da07b76028d2f349fb0e6a86aa78ad2b18d2d7bf5b06b17fba14"},
    {file = "av-11.0.0-cp38-cp38-macosx_11_0_arm64.whl", hash = "sha256:621104bd63e38fa4eca554da3722b1aac329619de39152f27eec8999acc72342"},
    {file = "av-11.0.0-cp38-cp38-manylinux_2_17_aarch64.manylinux2014_aarch64.whl", hash = "sha256:442878990c094455a16c10127edcc54bc4e78d355e6a13ad2a27608b0ecda38f"},
    {file = "av-11.0.0-cp38-cp38-manylinux_2_17_i686.manylinux2014_i686.whl", hash = "sha256:658199c92987dc72511f5ee8ade62faef6234b7a04c8b5788de99e366be5e073"},
    {file = "av-11.0.0-cp38-cp38-manylinux_2_17_x86_64.manylinux2014_x86_64.whl", hash = "sha256:ad4b381665c49267b46f87297573898b85e5c41384750fee2e70267fbc4ba318"},
    {file = "av-11.0.0-cp38-cp38-win_amd64.whl", hash = "sha256:60de14f71293e36ca4e297cc8a8460f0cf74f38a201694f3c6fc7f40301582f2"},
    {file = "av-11.0.0-cp39-cp39-macosx_10_9_x86_64.whl", hash = "sha256:a90f04af96374dab94028a7471597bdfcf03083338b9be2eb8ca4805a8ec7ab5"},
    {file = "av-11.0.0-cp39-cp39-macosx_11_0_arm64.whl", hash = "sha256:8821ab2d23e4cb5c8abea6b08d2b1bfceca6af2d88fab1d1dc1b3ec7b34933c7"},
    {file = "av-11.0.0-cp39-cp39-manylinux_2_17_aarch64.manylinux2014_aarch64.whl", hash = "sha256:9a92342ed307eeaf9509a6b0f3bafd4337c4880c851b50acc18df48c625b63b6"},
    {file = "av-11.0.0-cp39-cp39-manylinux_2_17_i686.manylinux2014_i686.whl", hash = "sha256:bbe3502975bc844f5d432c1f24d331bf6ef3e05532ebf06f7ed08b60719b8ea5"},
    {file = "av-11.0.0-cp39-cp39-manylinux_2_17_x86_64.manylinux2014_x86_64.whl", hash = "sha256:c278b3a4fd111b4c9190abe6b1a5ca358d5f91e851d470b62577b957e0187b09"},
    {file = "av-11.0.0-cp39-cp39-win_amd64.whl", hash = "sha256:478aa1d54fbc3058ea65ff41086b6adbe1326b456a027d2f3b59dbe60b4ac2ca"},
    {file = "av-11.0.0-pp310-pypy310_pp73-macosx_10_9_x86_64.whl", hash = "sha256:e8df10bb2d56a981d02a8a0b41491912b76dad06305d174a2575ef55ad451100"},
    {file = "av-11.0.0-pp310-pypy310_pp73-manylinux_2_17_aarch64.manylinux2014_aarch64.whl", hash = "sha256:b30c51e597785a89241bd61865faff2dbd3327856a8285a1e120dbf60e18348b"},
    {file = "av-11.0.0-pp310-pypy310_pp73-manylinux_2_17_i686.manylinux2014_i686.whl", hash = "sha256:a8b8bd92edb096699b306e7b090ad096925ca3bdae6f89656f023fa2a2da627d"},
    {file = "av-11.0.0-pp310-pypy310_pp73-manylinux_2_17_x86_64.manylinux2014_x86_64.whl", hash = "sha256:9383af733abfc44f6fc29307a6c922fbf671ee343dc97b78b74eac6a2346a46d"},
    {file = "av-11.0.0-pp310-pypy310_pp73-win_amd64.whl", hash = "sha256:a9df4a60579198b560f641cdfe4c2139948a70193ddc096b275f2cf6d94e3e04"},
    {file = "av-11.0.0-pp38-pypy38_pp73-macosx_10_9_x86_64.whl", hash = "sha256:8ae5f7ae0a7093fb813686d4aa4c554531f80a28480427f5c155da51b747eff0"},
    {file = "av-11.0.0-pp38-pypy38_pp73-manylinux_2_17_aarch64.manylinux2014_aarch64.whl", hash = "sha256:50fb7d606f8236891d773c701d5650b93af8dbf78eeaac36fc7e1f7f64a9d664"},
    {file = "av-11.0.0-pp38-pypy38_pp73-manylinux_2_17_i686.manylinux2014_i686.whl", hash = "sha256:543e0f9bf6ff02dedbe66d906fbc89c8907c80a8ea7413fc3fed68ce4a6e9b44"},
    {file = "av-11.0.0-pp38-pypy38_pp73-manylinux_2_17_x86_64.manylinux2014_x86_64.whl", hash = "sha256:daa279c884457ab194ce78bdd89c0aa391af733da95fb3258d4c6eb8c258299a"},
    {file = "av-11.0.0-pp39-pypy39_pp73-macosx_10_9_x86_64.whl", hash = "sha256:1aacc21f4cf96447117a61edfb776afb73186750a5e08a21484ddfc3599aefb5"},
    {file = "av-11.0.0-pp39-pypy39_pp73-manylinux_2_17_aarch64.manylinux2014_aarch64.whl", hash = "sha256:2568b38eef777b916a5d02e42b8f67f92e12023531239ddd32e1ca4f3cdf8c5b"},
    {file = "av-11.0.0-pp39-pypy39_pp73-manylinux_2_17_i686.manylinux2014_i686.whl", hash = "sha256:747c6d347e27c59cc2e78c9c505d23cd88eceff0cc9386be73693ae9009a577c"},
    {file = "av-11.0.0-pp39-pypy39_pp73-manylinux_2_17_x86_64.manylinux2014_x86_64.whl", hash = "sha256:4bbd8f4941b9d3450eff40003b9b9d904667aec7ab085fa31f0f9bca32d755e0"},
    {file = "av-11.0.0-pp39-pypy39_pp73-win_amd64.whl", hash = "sha256:f39c1244ba0cf185b2722aeec116b8a98a2ee5728ce687cec0bda60ee0360dfc"},
    {file = "av-11.0.0.tar.gz", hash = "sha256:48223f000a252070f8e700ff634bb7fb3aa1b7bc7e450373029fbdd6f369ac31"},
]

[[package]]
name = "cx-freeze"
version = "6.16.0.dev12"
description = "Create standalone executables from Python scripts"
optional = false
python-versions = ">=3.8"
files = [
    {file = "cx_Freeze-6.16.0.dev12-cp310-cp310-macosx_10_9_x86_64.whl", hash = "sha256:897e5210a8c09e41beb58794320f834e20fe7987785131461e920db6011592ab"},
    {file = "cx_Freeze-6.16.0.dev12-cp310-cp310-macosx_11_0_arm64.whl", hash = "sha256:5d1b5bae0a698db9cb3f962a8166e9c6fdde386c6270584d9185d26c6ba3ca01"},
    {file = "cx_Freeze-6.16.0.dev12-cp310-cp310-manylinux_2_17_aarch64.manylinux2014_aarch64.whl", hash = "sha256:bf10fc15893d7fd0ac919bec96404565830cc0e59c18bd7a455ae82c8c54e720"},
    {file = "cx_Freeze-6.16.0.dev12-cp310-cp310-manylinux_2_17_ppc64le.manylinux2014_ppc64le.whl", hash = "sha256:ea0e3571aec8edd5cc3a92f810827110eacdf03672bf44bc9cc49de35ae0a468"},
    {file = "cx_Freeze-6.16.0.dev12-cp310-cp310-manylinux_2_17_x86_64.manylinux2014_x86_64.whl", hash = "sha256:b5ca36aebe5d91593b3377200f465da69246ae549a8ee826721916d0db48d001"},
    {file = "cx_Freeze-6.16.0.dev12-cp310-cp310-musllinux_1_1_aarch64.whl", hash = "sha256:d5232797f961e565c5d454f7671fbcd76268a7c0057b51ea3dcc586e4904be76"},
    {file = "cx_Freeze-6.16.0.dev12-cp310-cp310-musllinux_1_1_ppc64le.whl", hash = "sha256:91d5543386df7e3cf2f3cd518dc6fda9e7afa16ee80f4feeeaaba7e3615dad51"},
    {file = "cx_Freeze-6.16.0.dev12-cp310-cp310-musllinux_1_1_x86_64.whl", hash = "sha256:e1f002b81c81bfc5e651f1cc396b81375446e46c5ad0c06a5815bba1dbdb3523"},
    {file = "cx_Freeze-6.16.0.dev12-cp310-cp310-win32.whl", hash = "sha256:d77574a98c843b442d0f08597106b5d44acc082e28cd830716f75f3a0afad367"},
    {file = "cx_Freeze-6.16.0.dev12-cp310-cp310-win_amd64.whl", hash = "sha256:ba7c531bd988f4689cbef61c49be29fce8ac9e9a8a0f5c099c352a2265b087b4"},
    {file = "cx_Freeze-6.16.0.dev12-cp311-cp311-macosx_10_9_x86_64.whl", hash = "sha256:1fafc3cdcefdc9b2ab7e511acfd9381d98b82608b9a9678c59dd67371c18b9db"},
    {file = "cx_Freeze-6.16.0.dev12-cp311-cp311-macosx_11_0_arm64.whl", hash = "sha256:d0939fbefe0728c577ed477a2825e5940fd8a93559f0e597b8ef065fca787da7"},
    {file = "cx_Freeze-6.16.0.dev12-cp311-cp311-manylinux_2_17_aarch64.manylinux2014_aarch64.whl", hash = "sha256:26f0ead97384e01fbbfba0139e86371d48616f92454c43c3934422aafb797e90"},
    {file = "cx_Freeze-6.16.0.dev12-cp311-cp311-manylinux_2_17_ppc64le.manylinux2014_ppc64le.whl", hash = "sha256:f38b17463d2e9eaf2b0b3bb0f32fee50bcf89bc48030366dc8508ebdec885dcf"},
    {file = "cx_Freeze-6.16.0.dev12-cp311-cp311-manylinux_2_17_x86_64.manylinux2014_x86_64.whl", hash = "sha256:46f58c2a282ee1431e82b76f128cb08fb3071a2fa1d783735eaa5d0ad8bffe96"},
    {file = "cx_Freeze-6.16.0.dev12-cp311-cp311-musllinux_1_1_aarch64.whl", hash = "sha256:380a96f6dc10e3c3b4435a4e68a5609537434321695c616ee6d59ac26d7f1679"},
    {file = "cx_Freeze-6.16.0.dev12-cp311-cp311-musllinux_1_1_ppc64le.whl", hash = "sha256:a559fb9d03663af6df658bfbbd605a741aba08821e85750991fd590c7eb12862"},
    {file = "cx_Freeze-6.16.0.dev12-cp311-cp311-musllinux_1_1_x86_64.whl", hash = "sha256:c6db1a1a5e3c8816b36b06f497a0138bea477dfa21d525061201cd5939091b3e"},
    {file = "cx_Freeze-6.16.0.dev12-cp311-cp311-win32.whl", hash = "sha256:a3a8299e839eddae6f101decd2f63bfaa3fa5ea284259d80e55fce1d0ba7be8f"},
    {file = "cx_Freeze-6.16.0.dev12-cp311-cp311-win_amd64.whl", hash = "sha256:9f675943ca684c248524241ac01e62c16d96687e2e315b252e60698965598c38"},
    {file = "cx_Freeze-6.16.0.dev12-cp312-cp312-macosx_10_9_x86_64.whl", hash = "sha256:0c25121f95c65212b454563f21eb34578d554914cc082df88526442da505b4b1"},
    {file = "cx_Freeze-6.16.0.dev12-cp312-cp312-macosx_11_0_arm64.whl", hash = "sha256:86d02811f05a9cd1bf87cbb62c13d5694cbb5873aa88f2a98a392a2535620149"},
    {file = "cx_Freeze-6.16.0.dev12-cp312-cp312-manylinux_2_17_aarch64.manylinux2014_aarch64.whl", hash = "sha256:d8209b0f90b8b438d346dabf8bc0576f0d0a8c4635e4b36eaf86d147de2ca233"},
    {file = "cx_Freeze-6.16.0.dev12-cp312-cp312-manylinux_2_17_ppc64le.manylinux2014_ppc64le.whl", hash = "sha256:dc9e0904f6bab289b8e2fcdad504601e5e1021339b053e703c34145aaaf604fc"},
    {file = "cx_Freeze-6.16.0.dev12-cp312-cp312-manylinux_2_17_x86_64.manylinux2014_x86_64.whl", hash = "sha256:4b41facc84e699d13fa9e81a8226e875e32debe4a7e356c1bba1209faaac28b6"},
    {file = "cx_Freeze-6.16.0.dev12-cp312-cp312-musllinux_1_1_aarch64.whl", hash = "sha256:7f3ac946ef87da2f1d24e307e7be912d36af40a96048eed40a7e7b74d6214f5e"},
    {file = "cx_Freeze-6.16.0.dev12-cp312-cp312-musllinux_1_1_ppc64le.whl", hash = "sha256:b1af5678043c3a6f4fc34f435a43d8bea48f3c47dad709240bd0bae8e3d44248"},
    {file = "cx_Freeze-6.16.0.dev12-cp312-cp312-musllinux_1_1_x86_64.whl", hash = "sha256:e83b23d92c761b9fc5ed66f452f08c03c2852f316d2f6a6d025575725d9197db"},
    {file = "cx_Freeze-6.16.0.dev12-cp312-cp312-win32.whl", hash = "sha256:f6684041939f817bf8a2fb43a97eb09f797ab576f38279227e61a18df4aed7bf"},
    {file = "cx_Freeze-6.16.0.dev12-cp312-cp312-win_amd64.whl", hash = "sha256:12ce3f085320b7738d89ed24c7e389787c0e1b57046dc7e251fc593700aa19b5"},
    {file = "cx_Freeze-6.16.0.dev12-cp38-cp38-macosx_10_9_x86_64.whl", hash = "sha256:54b5797bc51eb7d2ce21f72aeb5ce83a897fb2dd637ac114b596382d5986ae64"},
    {file = "cx_Freeze-6.16.0.dev12-cp38-cp38-manylinux_2_17_x86_64.manylinux2014_x86_64.whl", hash = "sha256:f0e2b97dc147aeda986b3d673860623fbb25c78b28a3c43aae3627872ffa476d"},
    {file = "cx_Freeze-6.16.0.dev12-cp38-cp38-musllinux_1_1_x86_64.whl", hash = "sha256:9cbfded7f51647c5cc038581a1cad81eff5c32c08b6bd84b5d7cb91ffd25f1de"},
    {file = "cx_Freeze-6.16.0.dev12-cp38-cp38-win32.whl", hash = "sha256:55d72287805ed0ffc3b67d7a35dcf42cff671c36a2bc52acc4b4f8a7a3c8a7a0"},
    {file = "cx_Freeze-6.16.0.dev12-cp38-cp38-win_amd64.whl", hash = "sha256:3e0b1864f60af0fce783077a70d6983d337f69cd29b6eb351f65b505d39149b2"},
    {file = "cx_Freeze-6.16.0.dev12-cp39-cp39-macosx_10_9_x86_64.whl", hash = "sha256:22fc798cefff63d6abde09fe946c1987a275c4ea7aa6946f5f4b39d0baba8ae8"},
    {file = "cx_Freeze-6.16.0.dev12-cp39-cp39-manylinux_2_17_x86_64.manylinux2014_x86_64.whl", hash = "sha256:c47351bea3b028afedf98b2a66463ead17bc17ab40a0029bb51de4260b4d334c"},
    {file = "cx_Freeze-6.16.0.dev12-cp39-cp39-musllinux_1_1_x86_64.whl", hash = "sha256:1ce77fbef76bd30f43c2ccb15c4ff6f1ffad75db1bd49f78570082e8ac9825b5"},
    {file = "cx_Freeze-6.16.0.dev12-cp39-cp39-win32.whl", hash = "sha256:0cf79957cc2683cc9f1e511e25656afe61cf7b75982d394ed5c0fed9a36e910d"},
    {file = "cx_Freeze-6.16.0.dev12-cp39-cp39-win_amd64.whl", hash = "sha256:9b272b9ecdaff3d916c5385da3cb7bcd2e6ed7a9a9d6c5c27945dc32eb6f6cdd"},
    {file = "cx_Freeze-6.16.0.dev12.tar.gz", hash = "sha256:3a82fae060561c7b5c0df3b05ebcf2040f6cfc82250a560cb6f03a2d0e0ad9af"},
]

[package.dependencies]
cx-Logging = {version = ">=3.1", markers = "sys_platform == \"win32\""}
filelock = {version = ">=3.11.0", markers = "sys_platform == \"linux\""}
lief = {version = ">=0.12.0", markers = "sys_platform == \"win32\""}
patchelf = {version = ">=0.14", markers = "sys_platform == \"linux\" and (platform_machine == \"aarch64\" or platform_machine == \"armv7l\" or platform_machine == \"i686\" or platform_machine == \"ppc64le\" or platform_machine == \"s390x\" or platform_machine == \"x86_64\")"}
setuptools = ">=62.6,<70"
wheel = "0.42.0"

[package.extras]
dev = ["bump-my-version (==0.12.0)", "cibuildwheel (==2.16.2)", "pre-commit (==3.5.0)", "pylint (==3.0.3)"]
doc = ["furo (==2023.8.19)", "sphinx (<7.2.0)", "sphinx (==7.2.2)", "sphinx-tabs (==3.4.4)"]
test = ["pluggy (==1.3.0)", "pytest (==7.4.3)", "pytest-cov (==4.1.0)", "pytest-datafiles (==3.0.0)", "pytest-mock (==3.12.0)", "pytest-timeout (==2.2.0)", "pytest-xdist[psutil] (==3.5.0)"]

[package.source]
type = "legacy"
url = "https://marcelotduarte.github.io/packages"
reference = "cx-freeze-devel"

[[package]]
name = "cx-logging"
version = "3.1.0"
description = "Python and C interfaces for logging"
optional = false
python-versions = ">=3.7"
files = [
    {file = "cx_Logging-3.1.0-cp310-cp310-manylinux_2_17_aarch64.manylinux2014_aarch64.whl", hash = "sha256:9d6aee2d91d4abeafa8ae1a5cacdcc363031ab6e69a3c5b221b294f5b94b0830"},
    {file = "cx_Logging-3.1.0-cp310-cp310-manylinux_2_17_x86_64.manylinux2014_x86_64.whl", hash = "sha256:f7f2d686ca7347e14d248e4f57279b9340b305f86888806313111ab7964835f4"},
    {file = "cx_Logging-3.1.0-cp310-cp310-win32.whl", hash = "sha256:93ee6c9109d129f63344aa9da10dfc6c0d2ac3b2656599a4f884bf482c1fd2f6"},
    {file = "cx_Logging-3.1.0-cp310-cp310-win_amd64.whl", hash = "sha256:7d69b2986e53f8f14d6fcd1614472f378edf63eea6c71c04d42cb215f7012717"},
    {file = "cx_Logging-3.1.0-cp311-cp311-manylinux_2_17_aarch64.manylinux2014_aarch64.whl", hash = "sha256:4e16a66e8ce16b28a79c9dcf9bda2f36297bd552ec7d9a80cc70e19970d49460"},
    {file = "cx_Logging-3.1.0-cp311-cp311-manylinux_2_17_x86_64.manylinux2014_x86_64.whl", hash = "sha256:564bea49c30342478ff2301c39a61c47c926e01146052b2a505ac11896ef51d2"},
    {file = "cx_Logging-3.1.0-cp311-cp311-win32.whl", hash = "sha256:cfd260cd431f2087cac2a9bfb738c2e428eb30e2b85ba0e0bce8dde2cb4843eb"},
    {file = "cx_Logging-3.1.0-cp311-cp311-win_amd64.whl", hash = "sha256:c61388bd9410817839187dab602f47d307f3f58df2dd11fb698cd321b8b48985"},
    {file = "cx_Logging-3.1.0-cp37-cp37m-manylinux_2_17_aarch64.manylinux2014_aarch64.whl", hash = "sha256:1937991c2daab59ced3bf8f52b1052b0157c0c30f229aa87bd384ab18dc8d1f3"},
    {file = "cx_Logging-3.1.0-cp37-cp37m-manylinux_2_17_x86_64.manylinux2014_x86_64.whl", hash = "sha256:8129e2d6bbff03fa7b09e9b587a5aed178fa16032508bae0f4db7e933fb43d08"},
    {file = "cx_Logging-3.1.0-cp37-cp37m-win32.whl", hash = "sha256:80aac0557464995780769535edf8057bab79a54cb4126363a7134b4ae38d25a3"},
    {file = "cx_Logging-3.1.0-cp37-cp37m-win_amd64.whl", hash = "sha256:ce9a37ab15890a87d144a7206c30d16192b67e63e8e52f02c579daa72a10767e"},
    {file = "cx_Logging-3.1.0-cp38-cp38-manylinux_2_17_aarch64.manylinux2014_aarch64.whl", hash = "sha256:8040a77b922eacd342d2dc0804a06425d772cf9cde61dd4c01e61aaaf9189f9f"},
    {file = "cx_Logging-3.1.0-cp38-cp38-manylinux_2_17_x86_64.manylinux2014_x86_64.whl", hash = "sha256:3accfa4ae945c3f65d7fc830058272e263b27e09672539d8dc2ed190a07be99e"},
    {file = "cx_Logging-3.1.0-cp38-cp38-win32.whl", hash = "sha256:ae6d01072625de14584e79af4aade249b3b7080e90a3df6b47ada72b0ecd8b79"},
    {file = "cx_Logging-3.1.0-cp38-cp38-win_amd64.whl", hash = "sha256:10fca1790e3467548472987e1a39379a96b93da09bdc1b64b3075605d473aaf6"},
    {file = "cx_Logging-3.1.0-cp39-cp39-manylinux_2_17_aarch64.manylinux2014_aarch64.whl", hash = "sha256:78b82737e589d5805b044a64afa8d2782a388a42898af084c6ab76153bc531fb"},
    {file = "cx_Logging-3.1.0-cp39-cp39-manylinux_2_17_x86_64.manylinux2014_x86_64.whl", hash = "sha256:82fc9cd57a4c151856759d76b9e44700913de60d6b97d661000577dad89f383b"},
    {file = "cx_Logging-3.1.0-cp39-cp39-win32.whl", hash = "sha256:a98781f59652c58b0648a835b5f5a9cfcdc90957283818d1babf98aed3a5e28f"},
    {file = "cx_Logging-3.1.0-cp39-cp39-win_amd64.whl", hash = "sha256:8a1548d8339baf54c7f1f372e68d381be7ce3e9506f2aa0987e88670a446a773"},
    {file = "cx_Logging-3.1.0.tar.gz", hash = "sha256:8a06834d8527aa904a68b25c9c1a5fa09f0dfdc94dbd9f86b81cd8d2f7a0e487"},
]

[[package]]
name = "filelock"
version = "3.13.1"
description = "A platform independent file lock."
optional = false
python-versions = ">=3.8"
files = [
    {file = "filelock-3.13.1-py3-none-any.whl", hash = "sha256:57dbda9b35157b05fb3e58ee91448612eb674172fab98ee235ccb0b5bee19a1c"},
    {file = "filelock-3.13.1.tar.gz", hash = "sha256:521f5f56c50f8426f5e03ad3b281b490a87ef15bc6c526f168290f0c7148d44e"},
]

[package.extras]
docs = ["furo (>=2023.9.10)", "sphinx (>=7.2.6)", "sphinx-autodoc-typehints (>=1.24)"]
testing = ["covdefaults (>=2.3)", "coverage (>=7.3.2)", "diff-cover (>=8)", "pytest (>=7.4.3)", "pytest-cov (>=4.1)", "pytest-mock (>=3.12)", "pytest-timeout (>=2.2)"]
typing = ["typing-extensions (>=4.8)"]

[[package]]
name = "lief"
version = "0.13.2"
description = "Library to instrument executable formats"
optional = false
python-versions = ">=3.8"
files = [
    {file = "lief-0.13.2-cp310-cp310-macosx_10_14_x86_64.whl", hash = "sha256:0390cfaaf0e9aed46bebf26f00f34852768f76bc7f90abf7ceb384566200e5f5"},
    {file = "lief-0.13.2-cp310-cp310-macosx_11_0_arm64.whl", hash = "sha256:5581bf0072c1e7a9ea2fb2e2252b8582016e8b298804b5461e552b402c9cd4e9"},
    {file = "lief-0.13.2-cp310-cp310-manylinux2014_aarch64.whl", hash = "sha256:dbbf2fb3d7807e815f345c77e287da162e081100f059ec03005995befc295d7f"},
    {file = "lief-0.13.2-cp310-cp310-manylinux_2_24_x86_64.whl", hash = "sha256:d344d37334c2b488dc02f04cb13c22cd61aa065eeb9bca7424588e0c8c23bdfb"},
    {file = "lief-0.13.2-cp310-cp310-win32.whl", hash = "sha256:bc041b28b94139843a33c014e355822a9276b35f3c5ae10d82da56bf572f8222"},
    {file = "lief-0.13.2-cp310-cp310-win_amd64.whl", hash = "sha256:01d4075bbc3541e9dd3ef008045fa1eb128294a0c5b0c1f69ce60d8948d248c7"},
    {file = "lief-0.13.2-cp311-cp311-macosx_10_14_x86_64.whl", hash = "sha256:6570dacebe107ad60c2ba0968d1a865d316009d43cc85af3719d3eeb0911abf3"},
    {file = "lief-0.13.2-cp311-cp311-macosx_11_0_arm64.whl", hash = "sha256:7ce2e3f7c791efba327c2bb3499dbef81e682027109045a9bae696c62e2aeeb0"},
    {file = "lief-0.13.2-cp311-cp311-manylinux2014_aarch64.whl", hash = "sha256:11ab900e0644b6735ecdef2bbd04439b4866a527650fc054470c195d6cfe2917"},
    {file = "lief-0.13.2-cp311-cp311-manylinux_2_24_x86_64.whl", hash = "sha256:042ad2105a136b11a7494b9af8178468e8cb32b8fa2a0a55cb659a5605aeb069"},
    {file = "lief-0.13.2-cp311-cp311-win32.whl", hash = "sha256:1ce289b6ab3cf4be654270007e8a2c0d2e42116180418c29d3ce83762955de63"},
    {file = "lief-0.13.2-cp311-cp311-win_amd64.whl", hash = "sha256:eccb248ffb598e410fd2ef7c1f171a3cde57a40c9bb8c4fa15d8e7b90eb4eb2d"},
    {file = "lief-0.13.2-cp38-cp38-macosx_10_14_x86_64.whl", hash = "sha256:95731cadedd6ffc5fb48c147fcefe004624e436b75e8ee9fb2dbf2ae5f084342"},
    {file = "lief-0.13.2-cp38-cp38-manylinux2014_aarch64.whl", hash = "sha256:8da75df0ea472557fcc37a27ba583bad5a8f3a256c186600d00a6dd0a57f718a"},
    {file = "lief-0.13.2-cp38-cp38-manylinux_2_24_x86_64.whl", hash = "sha256:b99092f02c13f580c2d00b504af224b7e60e7c98a791e72ae8519f530b7687bb"},
    {file = "lief-0.13.2-cp38-cp38-win32.whl", hash = "sha256:03db0138e4dbbdfa8bba74de312b0cebb30f504e44f38a9c8918b84022da340b"},
    {file = "lief-0.13.2-cp38-cp38-win_amd64.whl", hash = "sha256:36c5bea3f8460dee3ebb75d35949f445638ec85d2871f31e293c47fb4a0a5af7"},
    {file = "lief-0.13.2-cp39-cp39-macosx_10_14_x86_64.whl", hash = "sha256:eca8ecbcae1ad851ed7cf1e22ec8accd74f2267fa7375194559fb917523d8a92"},
    {file = "lief-0.13.2-cp39-cp39-macosx_11_0_arm64.whl", hash = "sha256:a8703cb5308b4828563badc6885ff07a3926ec3403d1caa3aa75f24fe9cbcf84"},
    {file = "lief-0.13.2-cp39-cp39-manylinux2014_aarch64.whl", hash = "sha256:c60f2f79e7d0d1f18dec7dcdb4d4f35e6b126ac29e2f2f056d28ec50599d868a"},
    {file = "lief-0.13.2-cp39-cp39-manylinux_2_24_x86_64.whl", hash = "sha256:e0f84a7443b7f1b02666fd16a9aa57f5d9027e60ba2885e0d76db8426d689707"},
    {file = "lief-0.13.2-cp39-cp39-win32.whl", hash = "sha256:3f8f251de874929d9c9e94a35891621ab8c059149f8a1c24e543fd9cf0c2a31c"},
    {file = "lief-0.13.2-cp39-cp39-win_amd64.whl", hash = "sha256:2bbe294385e629aa7206b2f39f0ca34e3948605a8db50b22091603053889a759"},
]

[[package]]
name = "patchelf"
version = "0.17.2.1"
description = "A small utility to modify the dynamic linker and RPATH of ELF executables."
optional = false
python-versions = "*"
files = [
    {file = "patchelf-0.17.2.1-py2.py3-none-manylinux_2_17_aarch64.manylinux2014_aarch64.musllinux_1_1_aarch64.whl", hash = "sha256:fc329da0e8f628bd836dfb8eaf523547e342351fa8f739bf2b3fe4a6db5a297c"},
    {file = "patchelf-0.17.2.1-py2.py3-none-manylinux_2_17_armv7l.manylinux2014_armv7l.musllinux_1_1_armv7l.whl", hash = "sha256:ccb266a94edf016efe80151172c26cff8c2ec120a57a1665d257b0442784195d"},
    {file = "patchelf-0.17.2.1-py2.py3-none-manylinux_2_17_ppc64le.manylinux2014_ppc64le.musllinux_1_1_ppc64le.whl", hash = "sha256:f47b5bdd6885cfb20abdd14c707d26eb6f499a7f52e911865548d4aa43385502"},
    {file = "patchelf-0.17.2.1-py2.py3-none-manylinux_2_17_s390x.manylinux2014_s390x.musllinux_1_1_s390x.whl", hash = "sha256:a9e6ebb0874a11f7ed56d2380bfaa95f00612b23b15f896583da30c2059fcfa8"},
    {file = "patchelf-0.17.2.1-py2.py3-none-manylinux_2_5_i686.manylinux1_i686.musllinux_1_1_i686.whl", hash = "sha256:3c8d58f0e4c1929b1c7c45ba8da5a84a8f1aa6a82a46e1cfb2e44a4d40f350e5"},
    {file = "patchelf-0.17.2.1-py2.py3-none-manylinux_2_5_x86_64.manylinux1_x86_64.musllinux_1_1_x86_64.whl", hash = "sha256:d1a9bc0d4fd80c038523ebdc451a1cce75237cfcc52dbd1aca224578001d5927"},
    {file = "patchelf-0.17.2.1.tar.gz", hash = "sha256:a6eb0dd452ce4127d0d5e1eb26515e39186fa609364274bc1b0b77539cfa7031"},
]

[package.extras]
test = ["importlib-metadata", "pytest"]

[[package]]
name = "setuptools"
version = "69.0.2"
description = "Easily download, build, install, upgrade, and uninstall Python packages"
optional = false
python-versions = ">=3.8"
files = [
    {file = "setuptools-69.0.2-py3-none-any.whl", hash = "sha256:1e8fdff6797d3865f37397be788a4e3cba233608e9b509382a2777d25ebde7f2"},
    {file = "setuptools-69.0.2.tar.gz", hash = "sha256:735896e78a4742605974de002ac60562d286fa8051a7e2299445e8e8fbb01aa6"},
]

[package.extras]
docs = ["furo", "jaraco.packaging (>=9.3)", "jaraco.tidelift (>=1.4)", "pygments-github-lexers (==0.0.5)", "rst.linker (>=1.9)", "sphinx (<7.2.5)", "sphinx (>=3.5)", "sphinx-favicon", "sphinx-inline-tabs", "sphinx-lint", "sphinx-notfound-page (>=1,<2)", "sphinx-reredirects", "sphinxcontrib-towncrier"]
testing = ["build[virtualenv]", "filelock (>=3.4.0)", "flake8-2020", "ini2toml[lite] (>=0.9)", "jaraco.develop (>=7.21)", "jaraco.envs (>=2.2)", "jaraco.path (>=3.2.0)", "pip (>=19.1)", "pytest (>=6)", "pytest-black (>=0.3.7)", "pytest-checkdocs (>=2.4)", "pytest-cov", "pytest-enabler (>=2.2)", "pytest-mypy (>=0.9.1)", "pytest-perf", "pytest-ruff", "pytest-timeout", "pytest-xdist", "tomli-w (>=1.0.0)", "virtualenv (>=13.0.0)", "wheel"]
testing-integration = ["build[virtualenv] (>=1.0.3)", "filelock (>=3.4.0)", "jaraco.envs (>=2.2)", "jaraco.path (>=3.2.0)", "packaging (>=23.1)", "pytest", "pytest-enabler", "pytest-xdist", "tomli", "virtualenv (>=13.0.0)", "wheel"]

[[package]]
name = "wheel"
version = "0.42.0"
description = "A built-package format for Python"
optional = false
python-versions = ">=3.7"
files = [
    {file = "wheel-0.42.0-py3-none-any.whl", hash = "sha256:177f9c9b0d45c47873b619f5b650346d632cdc35fb5e4d25058e09c9e581433d"},
    {file = "wheel-0.42.0.tar.gz", hash = "sha256:c45be39f7882c9d34243236f2d63cbd58039e360f85d0913425fbd7ceea617a8"},
]

[package.extras]
test = ["pytest (>=6.0.0)", "setuptools (>=65)"]

[metadata]
lock-version = "2.0"
python-versions = "^3.11"
content-hash = "4024f7546addd23cec21fa035cc306ecee135015e520101460414aab7d53c9e4"
